
Microsoft Visual Studio Solution File, Format Version 12.00
# Visual Studio Version 16
VisualStudioVersion = 16.0.30011.22
MinimumVisualStudioVersion = 10.0.40219.1
Project("{FAE04EC0-301F-11D3-BF4B-00C04F79EFBC}") = "QuartzCoreDemo", "QuartzCoreDemo.csproj", "{10C13C38-09F3-4D18-A1FE-F542F529D6F7}"
EndProject
Global
	GlobalSection(SolutionConfigurationPlatforms) = preSolution
		Debug|Any CPU = Debug|Any CPU
		Release|Any CPU = Release|Any CPU
	EndGlobalSection
	GlobalSection(ProjectConfigurationPlatforms) = postSolution
		{10C13C38-09F3-4D18-A1FE-F542F529D6F7}.Debug|Any CPU.ActiveCfg = Debug|Any CPU
		{10C13C38-09F3-4D18-A1FE-F542F529D6F7}.Debug|Any CPU.Build.0 = Debug|Any CPU
		{10C13C38-09F3-4D18-A1FE-F542F529D6F7}.Release|Any CPU.ActiveCfg = Release|Any CPU
		{10C13C38-09F3-4D18-A1FE-F542F529D6F7}.Release|Any CPU.Build.0 = Release|Any CPU
	EndGlobalSection
	GlobalSection(SolutionProperties) = preSolution
		HideSolutionNode = FALSE
	EndGlobalSection
	GlobalSection(ExtensibilityGlobals) = postSolution
		SolutionGuid = {EF93A1F5-C300-4A17-AC27-A5D5B910DF8C}
	EndGlobalSection
EndGlobal
